{
  "name": "chatter",
  "version": "0.0.1",
  "lockfileVersion": 1,
  "requires": true,
  "dependencies": {
    "arraybuffer.slice": {
      "version": "0.0.6",
      "resolved": "https://registry.npmjs.org/arraybuffer.slice/-/arraybuffer.slice-0.0.6.tgz",
      "integrity": "sha1-8zshWfBTKj8xB6JywMz70a0peco="
    },
    "backo2": {
      "version": "1.0.2",
      "resolved": "https://registry.npmjs.org/backo2/-/backo2-1.0.2.tgz",
      "integrity": "sha1-MasayLEpNjRj41s+u2n038+6eUc="
    },
    "benchmark": {
      "version": "1.0.0",
      "resolved": "https://registry.npmjs.org/benchmark/-/benchmark-1.0.0.tgz",
      "integrity": "sha512-qSlOi0If8sI+icu3l/W5rd4R0etJz9orLPWpDdt1lPgEFzEHYYnkfMuotj+Lx5SyMkmfawlPoW9RmoEm19ziHA=="
    },
    "better-assert": {
      "version": "1.0.2",
      "resolved": "https://registry.npmjs.org/better-assert/-/better-assert-1.0.2.tgz",
      "integrity": "sha1-QIZrnhueC1W0gYlDEeaPr/rrxSI="
    },
    "blob": {
      "version": "0.0.4",
      "resolved": "https://registry.npmjs.org/blob/-/blob-0.0.4.tgz",
      "integrity": "sha1-vPEwUspURj8w+fx+lbmkdjCpSSE="
    },
    "body-parser": {
      "version": "1.13.3",
      "resolved": "https://registry.npmjs.org/body-parser/-/body-parser-1.13.3.tgz",
      "integrity": "sha1-wIzzMMM1jhUQFqBXRvE/ApyX+pc="
    },
    "component-bind": {
      "version": "1.0.0",
      "resolved": "https://registry.npmjs.org/component-bind/-/component-bind-1.0.0.tgz",
      "integrity": "sha1-AMYIq33Nk4l8AAllGx06jh5zu9E="
    },
    "component-emitter": {
      "version": "1.1.2",
      "resolved": "https://registry.npmjs.org/component-emitter/-/component-emitter-1.1.2.tgz",
      "integrity": "sha1-KWWU8nU9qmOZbSrwjRWpURbJrsM="
    },
    "component-inherit": {
      "version": "0.0.3",
      "resolved": "https://registry.npmjs.org/component-inherit/-/component-inherit-0.0.3.tgz",
      "integrity": "sha1-ZF/ErfWLcrZJ1crmUTVhnbJv8UM="
    },
    "cookie-parser": {
      "version": "1.3.5",
      "resolved": "https://registry.npmjs.org/cookie-parser/-/cookie-parser-1.3.5.tgz",
      "integrity": "sha1-nXVVcPtdF4kHcSJ6AjFNm+fPg1Y="
    },
    "debug": {
      "version": "2.6.9",
      "resolved": "https://registry.npmjs.org/debug/-/debug-2.6.9.tgz",
      "integrity": "sha512-bC7ElrdJaJnPbAP+1EotYvqZsb3ecl5wi6Bfi6BJTUcNowp6cvspg0jXznRTKDjm/E7AdgFBVeAPVMNcKGsHMA==",
      "requires": {
        "ms": "2.0.0"
      },
      "dependencies": {
        "ms": {
          "version": "2.0.0",
          "resolved": "https://registry.npmjs.org/ms/-/ms-2.0.0.tgz",
          "integrity": "sha512-Tpp60P6IUJDTuOq/5Z8cdskzJujfwqfOTkrwIwj7IRISpnkJnT6SyJ4PCPnGMoFjC9ddhal5KVIYtAt97ix05A=="
        }
      }
    },
    "ejs": {
      "version": "2.3.4",
      "resolved": "https://registry.npmjs.org/ejs/-/ejs-2.3.4.tgz",
      "integrity": "sha1-PHbKoJZks1g7ADevncE2557Gi5g="
    },
    "express": {
      "version": "4.13.4",
      "resolved": "https://registry.npmjs.org/express/-/express-4.13.4.tgz",
      "integrity": "sha1-PAt288d1kMg0VzkGHsC9O6Bn7CQ=",
      "dependencies": {
        "cookie": {
          "version": "0.1.5",
          "resolved": "https://registry.npmjs.org/cookie/-/cookie-0.1.5.tgz",
          "integrity": "sha1-armUiksa4hlSzSWIUwpHItQETXw="
        },
        "depd": {
          "version": "1.1.0",
          "resolved": "https://registry.npmjs.org/depd/-/depd-1.1.0.tgz",
          "integrity": "sha1-4b2Cxqq2ztlluXuIsX7T5SjKGMM="
        }
      }
    },
    "has-binary": {
      "version": "0.1.7",
      "resolved": "https://registry.npmjs.org/has-binary/-/has-binary-0.1.7.tgz",
      "integrity": "sha1-aOYesWIQyVRaClzOBqhzkS/h5ow="
    },
    "has-cors": {
      "version": "1.1.0",
      "resolved": "https://registry.npmjs.org/has-cors/-/has-cors-1.1.0.tgz",
      "integrity": "sha1-XkdHk/fqmEPRu5nCPu9J/xJv/zk="
    },
    "indexof": {
      "version": "0.0.1",
      "resolved": "https://registry.npmjs.org/indexof/-/indexof-0.0.1.tgz",
      "integrity": "sha1-gtwzbSMrkGIXnQWrMpOmYFn9Q10="
    },
    "isarray": {
      "version": "0.0.1",
      "resolved": "https://registry.npmjs.org/isarray/-/isarray-0.0.1.tgz",
      "integrity": "sha1-ihis/Kmo9Bd+Cav8YDiTmwXR7t8="
    },
    "morgan": {
      "version": "1.6.1",
      "resolved": "https://registry.npmjs.org/morgan/-/morgan-1.6.1.tgz",
      "integrity": "sha1-X9gYOYxoGcuiinzWZk8pL+HAu/I="
    },
    "ms": {
      "version": "0.7.1",
      "resolved": "https://registry.npmjs.org/ms/-/ms-0.7.1.tgz",
      "integrity": "sha1-nNE8A62/8ltl7/3nzoZO6VIBcJg="
    },
    "node-sass-middleware": {
      "version": "0.11.0",
      "resolved": "https://registry.npmjs.org/node-sass-middleware/-/node-sass-middleware-0.11.0.tgz",
      "integrity": "sha1-KrVhJDYpQRAuLNVNihwc70Ra+xU="
    },
    "object-component": {
      "version": "0.0.3",
      "resolved": "https://registry.npmjs.org/object-component/-/object-component-0.0.3.tgz",
      "integrity": "sha1-8MaapQ78lbhmwYb0AKM3acsvEpE="
    },
    "options": {
      "version": "0.0.6",
      "resolved": "https://registry.npmjs.org/options/-/options-0.0.6.tgz",
      "integrity": "sha1-7CLTEoBrtT5zF3Pnza788cZDEo8="
    },
    "serve-favicon": {
      "version": "2.3.2",
      "resolved": "https://registry.npmjs.org/serve-favicon/-/serve-favicon-2.3.2.tgz",
      "integrity": "sha1-3UGeJo3gEqtysxnTN/IQUBP5OB8=",
      "dependencies": {
        "ms": {
          "version": "0.7.2",
          "resolved": "https://registry.npmjs.org/ms/-/ms-0.7.2.tgz",
          "integrity": "sha1-riXPJRKziFodldfwN4aNhDESR2U="
        }
      }
    },
    "socket.io": {
      "version": "1.4.8",
      "resolved": "https://registry.npmjs.org/socket.io/-/socket.io-1.4.8.tgz",
      "integrity": "sha512-ypHLHj4e1qCpcI34AkANJhpu2apk1TzCcWQJUH7/QPljwvb8RiaH7Xhq+3X+EdIxLripK0vEDQBcH1ZWmu8ePw==",
      "requires": {
        "debug": "2.2.0",
        "engine.io": "1.6.11",
        "has-binary": "0.1.7",
        "socket.io-adapter": "0.4.0",
        "socket.io-client": "1.4.8",
        "socket.io-parser": "2.2.6"
      },
      "dependencies": {
        "accepts": {
          "version": "1.1.4",
          "resolved": "https://registry.npmjs.org/accepts/-/accepts-1.1.4.tgz",
          "integrity": "sha512-8EKM6XlFgqSpDcxkT9yxCT8nDSWEVBD0UjgUWMCWh5kH9VU+ar2MhmDDYGxohXujPU8PPz88ukpkvfXFVWygHw==",
          "requires": {
            "mime-types": "~2.0.4",
            "negotiator": "0.4.9"
          }
        },
        "after": {
          "version": "0.8.1",
          "resolved": "https://registry.npmjs.org/after/-/after-0.8.1.tgz",
          "integrity": "sha512-SuI3vWhCFeSmkmmJ3efyuOkrhGyp/AuHthh3F5DinGYh2kR9t/0xUlm3/Vn2qMScfgg+cKho5fW7TUEYUhYeiA=="
        },
        "base64-arraybuffer": {
          "version": "0.1.2",
          "resolved": "https://registry.npmjs.org/base64-arraybuffer/-/base64-arraybuffer-0.1.2.tgz",
          "integrity": "sha512-ewBKKVVPIl78B26mYQHYlaxR7NydMiD/GxwLNIwTAfLIE4xhN2Gxcy30//azq5UrejXjzGpWjcBu3NUJxzMMzg=="
        },
        "base64id": {
          "version": "0.1.0",
          "resolved": "https://registry.npmjs.org/base64id/-/base64id-0.1.0.tgz",
          "integrity": "sha512-DSjtfjhAsHl9J4OJj7e4+toV2zqxJrGwVd3CLlsCp8QmicvOn7irG0Mb8brOc/nur3SdO8lIbNlY1s1ZDJdUKQ=="
        },
        "debug": {
          "version": "2.2.0",
          "resolved": "https://registry.npmjs.org/debug/-/debug-2.2.0.tgz",
          "integrity": "sha512-X0rGvJcskG1c3TgSCPqHJ0XJgwlcvOC7elJ5Y0hYuKBZoVqWpAMfLOeIh2UI/DCQ5ruodIjvsugZtjUYUw2pUw==",
          "requires": {
            "ms": "0.7.1"
          }
        },
        "engine.io": {
          "version": "1.6.11",
          "resolved": "https://registry.npmjs.org/engine.io/-/engine.io-1.6.11.tgz",
          "integrity": "sha512-8/G7xpFtYlqiCh7bs05TYtiAib8f1eIcirA/G/Fh/f5W+tixgUz9L+Taf9vMP4Ci5seg7m/0Ez2N2KrpZRLydA==",
          "requires": {
            "accepts": "1.1.4",
            "base64id": "0.1.0",
            "debug": "2.2.0",
            "engine.io-parser": "1.2.4",
            "ws": "1.1.0"
          }
        },
        "engine.io-client": {
          "version": "1.6.11",
          "resolved": "https://registry.npmjs.org/engine.io-client/-/engine.io-client-1.6.11.tgz",
          "integrity": "sha512-6ITg4BbPtqK/KitXgB3We/DQNygQSJ9z9zEjBRfnd8iP14GkS4p54sTbR4h2wFAdlG5SvobyeJDu402h2iMvZA==",
          "requires": {
            "component-emitter": "1.1.2",
            "component-inherit": "0.0.3",
            "debug": "2.2.0",
            "engine.io-parser": "1.2.4",
            "has-cors": "1.1.0",
            "indexof": "0.0.1",
            "parsejson": "0.0.1",
            "parseqs": "0.0.2",
            "parseuri": "0.0.4",
            "ws": "1.0.1",
            "xmlhttprequest-ssl": "1.5.1",
            "yeast": "0.1.2"
          },
          "dependencies": {
            "ws": {
              "version": "1.0.1",
              "resolved": "https://registry.npmjs.org/ws/-/ws-1.0.1.tgz",
              "integrity": "sha512-JcrURpj0uO3Kn30PZitCOmD2InWHIt6skFKKtXHAZ/2IK9hVzFXW89b3JDenT/diXyV8qdRGmNR0OA210QMnYQ==",
              "requires": {
                "options": ">=0.0.5",
                "ultron": "1.0.x"
              }
            }
          }
        },
        "engine.io-parser": {
          "version": "1.2.4",
          "resolved": "https://registry.npmjs.org/engine.io-parser/-/engine.io-parser-1.2.4.tgz",
          "integrity": "sha512-qmLhc+CHGicieFJ3xZ3+pTpGLTopbEYAYASv1kX0CaHY7LxT5HVgGN0FKML2yq+G+mkknXAu6zYnZny2tjn5dg==",
          "requires": {
            "after": "0.8.1",
            "arraybuffer.slice": "0.0.6",
            "base64-arraybuffer": "0.1.2",
            "blob": "0.0.4",
            "has-binary": "0.1.6",
            "utf8": "2.1.0"
          },
          "dependencies": {
            "has-binary": {
              "version": "0.1.6",
              "resolved": "https://registry.npmjs.org/has-binary/-/has-binary-0.1.6.tgz",
              "integrity": "sha512-aBByfHrIiIt6PQ+jFXsLIFVNpHVyXDcCZ77VZ4kvxv6TvTwipSTDNvKnPN5xOi/cQTcxhLa4lBV2b49pZGQgXw==",
              "requires": {
                "isarray": "0.0.1"
              }
            }
          }
        },
        "json3": {
          "version": "3.2.6",
          "resolved": "https://registry.npmjs.org/json3/-/json3-3.2.6.tgz",
          "integrity": "sha512-KA+GHhYTLTo7Ri4DyjwUgW8kn98AYtVZtBC94qL5yD0ZSYct8/eF8qBmTNyk+gPE578bKeIL4WBq+MUyd1I26g=="
        },
        "mime-db": {
          "version": "1.12.0",
          "resolved": "https://registry.npmjs.org/mime-db/-/mime-db-1.12.0.tgz",
          "integrity": "sha512-5aMAW7I4jZoZB27fXRuekqc4DVvJ7+hM8UcWrNj2mqibE54gXgPSonBYBdQW5hyaVNGmiYjY0ZMqn9fBefWYvA=="
        },
        "mime-types": {
          "version": "2.0.14",
          "resolved": "https://registry.npmjs.org/mime-types/-/mime-types-2.0.14.tgz",
          "integrity": "sha512-2ZHUEstNkIf2oTWgtODr6X0Cc4Ns/RN/hktdozndiEhhAC2wxXejF1FH0XLHTEImE9h6gr/tcnr3YOnSGsxc7Q==",
          "requires": {
            "mime-db": "~1.12.0"
          }
        },
        "negotiator": {
          "version": "0.4.9",
          "resolved": "https://registry.npmjs.org/negotiator/-/negotiator-0.4.9.tgz",
          "integrity": "sha512-fvi5GQce2TGDzanaTxNY3bboxjdce18sqwNylY439wkEkiJIyTMhGFMdlPCvDsIPa9IKIfhKwCMWEQ9YpZgb1Q=="
        },
        "parsejson": {
          "version": "0.0.1",
          "resolved": "https://registry.npmjs.org/parsejson/-/parsejson-0.0.1.tgz",
          "integrity": "sha512-W9CRvTfYQY/kbRc5Q6YTWarb/QDxdEGbd6RCP8CLUQDJV89RVHoS2A0dZYNtAcq31fulGNN4ZhAhiQQazwlKJg==",
          "requires": {
            "better-assert": "~1.0.0"
          }
        },
        "parseqs": {
          "version": "0.0.2",
          "resolved": "https://registry.npmjs.org/parseqs/-/parseqs-0.0.2.tgz",
          "integrity": "sha512-vyyyfQGUFZnDhgrrdn+hh1JuOfvbXU5oRr6dijfkSIbaFuxGgTSCA/RNVcsADmo0k2NX6wERVTMKkXokjuObJA==",
          "requires": {
            "better-assert": "~1.0.0"
          }
        },
        "parseuri": {
          "version": "0.0.4",
          "resolved": "https://registry.npmjs.org/parseuri/-/parseuri-0.0.4.tgz",
          "integrity": "sha512-9pW0ZCCDtEIzW7beHfLg2N13pgctOVRq1Z+1PKdpsF4wD9GhYUMAAxBhmPRPVVy1fg2z+eH/8uw8dgA0j9DNzw==",
          "requires": {
            "better-assert": "~1.0.0"
          }
        },
        "socket.io-adapter": {
          "version": "0.4.0",
          "resolved": "https://registry.npmjs.org/socket.io-adapter/-/socket.io-adapter-0.4.0.tgz",
          "integrity": "sha512-nWW2nAX2FlxFr6GFPew2CKC3sDZkhWJEdw2GRml81L43ntCsD5ZiTNQcH0VAQzC/7gvckanNKelQ6eSIErSJCg==",
          "requires": {
            "debug": "2.2.0",
            "socket.io-parser": "2.2.2"
          },
          "dependencies": {
            "socket.io-parser": {
              "version": "2.2.2",
              "resolved": "https://registry.npmjs.org/socket.io-parser/-/socket.io-parser-2.2.2.tgz",
              "integrity": "sha512-fM+hIkoQPh0oNLoL7yx39fvtqMncRTBekjENFPT8dEYHXqvRYC8yWwT+m9PW8wmYieUcqzw7yJnHNXzPAC9i9w==",
              "requires": {
                "benchmark": "1.0.0",
                "component-emitter": "1.1.2",
                "debug": "0.7.4",
                "isarray": "0.0.1",
                "json3": "3.2.6"
              },
              "dependencies": {
                "debug": {
                  "version": "0.7.4",
                  "resolved": "https://registry.npmjs.org/debug/-/debug-0.7.4.tgz",
                  "integrity": "sha512-EohAb3+DSHSGx8carOSKJe8G0ayV5/i609OD0J2orCkuyae7SyZSz2aoLmQF2s0Pj5gITDebwPH7GFBlqOUQ1Q=="
                }
              }
            }
          }
        },
        "socket.io-client": {
          "version": "1.4.8",
          "resolved": "https://registry.npmjs.org/socket.io-client/-/socket.io-client-1.4.8.tgz",
          "integrity": "sha512-YTWFJR1D35MBsjyIIwOfizKbaTZjs7dXUNdx9Fy61PdYtNmtVwA43nn2kk/XSXv7rG/AWEvMu17B75s+0LVgXQ==",
          "requires": {
            "backo2": "1.0.2",
            "component-bind": "1.0.0",
            "component-emitter": "1.2.0",
            "debug": "2.2.0",
            "engine.io-client": "1.6.11",
            "has-binary": "0.1.7",
            "indexof": "0.0.1",
            "object-component": "0.0.3",
            "parseuri": "0.0.4",
            "socket.io-parser": "2.2.6",
            "to-array": "0.1.4"
          },
          "dependencies": {
            "component-emitter": {
              "version": "1.2.0",
              "resolved": "https://registry.npmjs.org/component-emitter/-/component-emitter-1.2.0.tgz",
              "integrity": "sha512-U8EviusIm8Fc5vMbs9opNX8r/hAz8PFYOu003AR1OVkCnDSTaBHB8inMn97yIbkGlI+dcdsItTBjgiZkVVzxYg=="
            }
          }
        },
        "socket.io-parser": {
          "version": "2.2.6",
          "resolved": "https://registry.npmjs.org/socket.io-parser/-/socket.io-parser-2.2.6.tgz",
          "integrity": "sha512-uXTZmnj1jyTE57vgOlU0K5GKVFA80KB+q3kcExgFDtofI9l1ax5rS6LVG8aOLSK1Tb17jvF1pMVPQCYygD3tYQ==",
          "requires": {
            "benchmark": "1.0.0",
            "component-emitter": "1.1.2",
            "debug": "2.2.0",
            "isarray": "0.0.1",
            "json3": "3.3.2"
          },
          "dependencies": {
            "json3": {
              "version": "3.3.2",
              "resolved": "https://registry.npmjs.org/json3/-/json3-3.3.2.tgz",
              "integrity": "sha512-I5YLeauH3rIaE99EE++UeH2M2gSYo8/2TqDac7oZEH6D/DSQ4Woa628Qrfj1X9/OY5Mk5VvIDQaKCDchXaKrmA=="
            }
          }
        },
        "ws": {
          "version": "1.1.0",
          "resolved": "https://registry.npmjs.org/ws/-/ws-1.1.0.tgz",
          "integrity": "sha512-ajJ6rNx3OY60ETwAtHIN0ezBEatMmmWx+KBUab9gfL1iBI1Ku4W0+oL1u5UanjUjMcvwCq5TfUM+H4hCWz21Gg==",
          "requires": {
            "options": ">=0.0.5",
            "ultron": "1.0.x"
          }
        },
        "xmlhttprequest-ssl": {
          "version": "1.5.1",
          "resolved": "https://registry.npmjs.org/xmlhttprequest-ssl/-/xmlhttprequest-ssl-1.5.1.tgz",
          "integrity": "sha512-yVeGn9mCv5868tlRfjBCcSSvdukMMItgB/B+1lxwweh5Az3hmGvr4ZTq6qXJ1ZSLMupsF4HBrb1d3E45t1KDYA=="
        }
      }
    },
    "to-array": {
      "version": "0.1.4",
      "resolved": "https://registry.npmjs.org/to-array/-/to-array-0.1.4.tgz",
      "integrity": "sha1-F+bBH3PdTz10zaek/zI46a2b+JA="
    },
    "ultron": {
      "version": "1.0.2",
      "resolved": "https://registry.npmjs.org/ultron/-/ultron-1.0.2.tgz",
      "integrity": "sha1-rOEWq1V80Zc4ak6I9GhTeMiy5Po="
    },
    "utf8": {
      "version": "2.1.0",
      "resolved": "https://registry.npmjs.org/utf8/-/utf8-2.1.0.tgz",
      "integrity": "sha512-meBQCGPqrY9eH0gLoJ45HzjLWGKLaROTGkWPbWhyGO/b/Q7lB3T3NClcKe6aQCgDXF3hwx5WzYBXbA+c8j17Yw=="
    },
    "yeast": {
      "version": "0.1.2",
      "resolved": "https://registry.npmjs.org/yeast/-/yeast-0.1.2.tgz",
      "integrity": "sha1-AI4G2AlDIMNy28L47XagymyKxBk="
    }
  }
}
